{
  "requires": true,
  "lockfileVersion": 1,
  "dependencies": {
    "dom7": {
      "version": "2.0.6",
      "resolved": "https://registry.npmjs.org/dom7/-/dom7-2.0.6.tgz",
      "integrity": "sha512-Yv6DI8CCeET4H9KWNy809onsrylwcg5BL84ZMnTP88IYUEpK1FHTvAJkMq1y2K1qUSItPz/APRx1ZdpA26y5SQ==",
      "requires": {
        "ssr-window": "1.0.0"
      }
    },
    "jquery": {
      "version": "3.3.1",
      "resolved": "https://registry.npmjs.org/jquery/-/jquery-3.3.1.tgz",
      "integrity": "sha512-Ubldcmxp5np52/ENotGxlLe6aGMvmF4R8S6tZjsP6Knsaxd/xp3Zrh50cG93lR6nPXyUFwzN3ZSOQI0wRJNdGg=="
    },
    "ssr-window": {
      "version": "1.0.0",
      "resolved": "https://registry.npmjs.org/ssr-window/-/ssr-window-1.0.0.tgz",
      "integrity": "sha512-WHFyFLegz/NOgwdlFTw93Wd4c/gQ5hkv6amtdK/K0atfZvr28vwfEV7MR3NtWek+gnpiSd/tKXHQVfQRtA6OJg=="
    },
    "swiper": {
      "version": "4.3.3",
      "resolved": "https://registry.npmjs.org/swiper/-/swiper-4.3.3.tgz",
      "integrity": "sha512-hLjeei+E2EioFUBI4XzqUDkvZu9d6TAOWVFbrCXSrOhY9bzgXYC28dfMRHOs8IgU5WAZ7bbMR8lF706TzKf9nw==",
      "requires": {
        "dom7": "2.0.6",
        "ssr-window": "1.0.0"
      }
    }
  }
}
